
Microsoft Visual Studio Solution File, Format Version 12.00
# Visual Studio Version 17
VisualStudioVersion = 17.10.34818.151
MinimumVisualStudioVersion = 10.0.40219.1
Project("{11A8DD76-328B-46DF-9F39-F559912D0360}") = "SmartPowerMeter.NfClient", "Clients\SmartPowerMeter.NfClient\SmartPowerMeter.NfClient.nfproj", "{9FCF11D3-2C19-4A9A-B180-185A25C56DFD}"
EndProject
Project("{2150E333-8FDC-42A3-9474-1A3956D46DE8}") = "Clients", "Clients", "{C54DF9D6-E23A-4AB3-968F-9E9519B0A099}"
EndProject
Project("{2150E333-8FDC-42A3-9474-1A3956D46DE8}") = "Peripherals", "Peripherals", "{5505F7B6-DDA0-414F-8BC5-1AC87CDF3928}"
EndProject
Project("{11A8DD76-328B-46DF-9F39-F559912D0360}") = "Am23XX.Sensor", "Peripherals\Am23XX.Sensor\Am23XX.Sensor.nfproj", "{1CA04448-C2D3-4ED2-8019-FC325ED94832}"
EndProject
Project("{11A8DD76-328B-46DF-9F39-F559912D0360}") = "Aidon.Sensor", "Peripherals\Aidon.Sensor\Aidon.Sensor.nfproj", "{55FE9A3A-9CC5-4931-A81A-24E92AEE703B}"
EndProject
Project("{2150E333-8FDC-42A3-9474-1A3956D46DE8}") = "Solution Items", "Solution Items", "{8F545D25-926C-4D06-B600-CDFF094FCCCC}"
	ProjectSection(SolutionItems) = preProject
		..\backend\.editorconfig = ..\backend\.editorconfig
		..\backend\NuGet.Config = ..\backend\NuGet.Config
		README.md = README.md
	EndProjectSection
EndProject
Project("{2150E333-8FDC-42A3-9474-1A3956D46DE8}") = "Tests", "Tests", "{6D5155B9-7C65-4C8A-BE4A-73CEEB67A6CA}"
EndProject
Project("{11A8DD76-328B-46DF-9F39-F559912D0360}") = "AtticMonitor.NfClient", "Clients\AtticMonitor.NfClient\AtticMonitor.NfClient.nfproj", "{9B82CB1F-8B63-42A9-81D8-5C205CACA6B3}"
EndProject
Project("{11A8DD76-328B-46DF-9F39-F559912D0360}") = "Wifi.Sensor", "Peripherals\Wifi.Sensor\Wifi.Sensor.nfproj", "{3509E1B9-9BD3-4085-9F57-AE208504D443}"
EndProject
Project("{11A8DD76-328B-46DF-9F39-F559912D0360}") = "Bluetooth.Sensor", "Peripherals\Bluetooth.Sensor\Bluetooth.Sensor.nfproj", "{576996C3-A4F8-4800-A5E9-E71B4BE8911A}"
EndProject
Project("{11A8DD76-328B-46DF-9F39-F559912D0360}") = "Bmxx80.Sensor", "Peripherals\Bmxx80.Sensor\Bmxx80.Sensor.nfproj", "{90FAB7A7-FF05-4D89-AB94-B5A60D6DDC1A}"
EndProject
Project("{2150E333-8FDC-42A3-9474-1A3956D46DE8}") = "Shared", "Shared", "{B437FD35-B2E8-467F-8067-2DDEE5EE961B}"
EndProject
Project("{11A8DD76-328B-46DF-9F39-F559912D0360}") = "Shared", "Shared\Shared\Shared.nfproj", "{676858B6-3361-4E99-9244-794238CBB35E}"
EndProject
Project("{2150E333-8FDC-42A3-9474-1A3956D46DE8}") = "Utilities", "Utilities", "{8EA3B147-B625-4536-8514-CD6D949692E5}"
EndProject
Project("{2150E333-8FDC-42A3-9474-1A3956D46DE8}") = "Tests", "Tests", "{32BE0959-0669-4CC1-ADC4-17D1FA1846FF}"
EndProject
Project("{11A8DD76-328B-46DF-9F39-F559912D0360}") = "Client.Services", "Shared\Client.Services\Client.Services.nfproj", "{651497C5-357B-4BD8-B163-B0F35AEEFCBC}"
EndProject
Project("{11A8DD76-328B-46DF-9F39-F559912D0360}") = "Client.Services.Benchmarks", "Shared\Tests\Client.Services.Benchmarks\Client.Services.Benchmarks.nfproj", "{B6E95E47-0512-4236-9C09-6118E9A9DCC7}"
EndProject
Project("{11A8DD76-328B-46DF-9F39-F559912D0360}") = "Client.Services.Tests", "Shared\Tests\Client.Services.Tests\Client.Services.Tests.nfproj", "{EC574567-5B40-418D-8A3B-20D173072EEE}"
EndProject
Project("{13B669BE-BB05-4DDF-9536-439F39A36129}") = "Client.Scripts", "Clients\Utilities\Client.Scripts\Client.Scripts.msbuildproj", "{42F7C678-DF81-432B-ADB9-35C8B38C6A55}"
EndProject
Project("{11A8DD76-328B-46DF-9F39-F559912D0360}") = "Peripherals.Benchmarks", "Peripherals\Tests\Peripherals.Benchmarks\Peripherals.Benchmarks.nfproj", "{70584954-9CF9-4414-881B-1D1A30BBBA54}"
EndProject
Project("{11A8DD76-328B-46DF-9F39-F559912D0360}") = "Peripherals.Tests", "Peripherals\Tests\Peripherals.Tests\Peripherals.Tests.nfproj", "{744E774D-535E-4603-B19D-FA665857BFE3}"
EndProject
Project("{11A8DD76-328B-46DF-9F39-F559912D0360}") = "RipTide.Nfirmware", "Clients\RipTide.Nfirmware\RipTide.Nfirmware.nfproj", "{78162167-EDF3-4774-870C-763141F9EB34}"
EndProject
Project("{11A8DD76-328B-46DF-9F39-F559912D0360}") = "NeoPixel.Peripheral", "Peripherals\NeoPixel.Peripheral\NeoPixel.Peripheral.nfproj", "{CC3F20B1-1B1E-45C1-AC32-AD400AE75CD3}"
EndProject
Project("{11A8DD76-328B-46DF-9F39-F559912D0360}") = "Ds18b20.Sensor", "Peripherals\Ds18b20.Sensor\Ds18b20.Sensor.nfproj", "{DE298F11-0961-430E-8FA5-0F2BD5F4997D}"
EndProject
Project("{11A8DD76-328B-46DF-9F39-F559912D0360}") = "Adc.Sensor", "Peripherals\Adc.Sensor\Adc.Sensor.nfproj", "{8F4C970F-BD84-4FC3-B03A-C5E0AF98968D}"
EndProject
Project("{11A8DD76-328B-46DF-9F39-F559912D0360}") = "Buzzer.Peripheral", "Peripherals\Buzzer.Peripheral\Buzzer.Peripheral.nfproj", "{3345C1CA-539A-472E-9BE4-B800A618EB02}"
EndProject
Project("{11A8DD76-328B-46DF-9F39-F559912D0360}") = "IO.Peripherals", "Peripherals\IO.Peripherals\IO.Peripherals.nfproj", "{EC3E46FE-5AAF-4713-ABBE-1FC769FE5A87}"
EndProject
Project("{11A8DD76-328B-46DF-9F39-F559912D0360}") = "MpuxxxxGyro.Sensor", "Peripherals\MpuxxxxGyro.Sensor\MpuxxxxGyro.Sensor.nfproj", "{3DB32261-CA53-45B9-B7C4-8E00903FEF2C}"
EndProject
Project("{11A8DD76-328B-46DF-9F39-F559912D0360}") = "Ili9xxx.Display", "Peripherals\Ili9xxx.Display\Ili9xxx.Display.nfproj", "{78E410A5-F0D4-4AE1-A3D1-6BBA81F6306E}"
EndProject
Project("{11A8DD76-328B-46DF-9F39-F559912D0360}") = "SdCard.Peripheral", "Peripherals\SdCard.Peripheral\SdCard.Peripheral.nfproj", "{B8F127EA-3AC9-4F54-8DFE-03BCBCBC2FB4}"
EndProject
Global
	GlobalSection(SolutionConfigurationPlatforms) = preSolution
		Debug|Any CPU = Debug|Any CPU
		Release|Any CPU = Release|Any CPU
	EndGlobalSection
	GlobalSection(ProjectConfigurationPlatforms) = postSolution
		{9FCF11D3-2C19-4A9A-B180-185A25C56DFD}.Debug|Any CPU.ActiveCfg = Debug|Any CPU
		{9FCF11D3-2C19-4A9A-B180-185A25C56DFD}.Debug|Any CPU.Build.0 = Debug|Any CPU
		{9FCF11D3-2C19-4A9A-B180-185A25C56DFD}.Debug|Any CPU.Deploy.0 = Debug|Any CPU
		{9FCF11D3-2C19-4A9A-B180-185A25C56DFD}.Release|Any CPU.ActiveCfg = Release|Any CPU
		{9FCF11D3-2C19-4A9A-B180-185A25C56DFD}.Release|Any CPU.Build.0 = Release|Any CPU
		{9FCF11D3-2C19-4A9A-B180-185A25C56DFD}.Release|Any CPU.Deploy.0 = Release|Any CPU
		{1CA04448-C2D3-4ED2-8019-FC325ED94832}.Debug|Any CPU.ActiveCfg = Debug|Any CPU
		{1CA04448-C2D3-4ED2-8019-FC325ED94832}.Debug|Any CPU.Build.0 = Debug|Any CPU
		{1CA04448-C2D3-4ED2-8019-FC325ED94832}.Debug|Any CPU.Deploy.0 = Debug|Any CPU
		{1CA04448-C2D3-4ED2-8019-FC325ED94832}.Release|Any CPU.ActiveCfg = Release|Any CPU
		{1CA04448-C2D3-4ED2-8019-FC325ED94832}.Release|Any CPU.Build.0 = Release|Any CPU
		{1CA04448-C2D3-4ED2-8019-FC325ED94832}.Release|Any CPU.Deploy.0 = Release|Any CPU
		{55FE9A3A-9CC5-4931-A81A-24E92AEE703B}.Debug|Any CPU.ActiveCfg = Debug|Any CPU
		{55FE9A3A-9CC5-4931-A81A-24E92AEE703B}.Debug|Any CPU.Build.0 = Debug|Any CPU
		{55FE9A3A-9CC5-4931-A81A-24E92AEE703B}.Debug|Any CPU.Deploy.0 = Debug|Any CPU
		{55FE9A3A-9CC5-4931-A81A-24E92AEE703B}.Release|Any CPU.ActiveCfg = Release|Any CPU
		{55FE9A3A-9CC5-4931-A81A-24E92AEE703B}.Release|Any CPU.Build.0 = Release|Any CPU
		{55FE9A3A-9CC5-4931-A81A-24E92AEE703B}.Release|Any CPU.Deploy.0 = Release|Any CPU
		{9B82CB1F-8B63-42A9-81D8-5C205CACA6B3}.Debug|Any CPU.ActiveCfg = Debug|Any CPU
		{9B82CB1F-8B63-42A9-81D8-5C205CACA6B3}.Debug|Any CPU.Build.0 = Debug|Any CPU
		{9B82CB1F-8B63-42A9-81D8-5C205CACA6B3}.Debug|Any CPU.Deploy.0 = Debug|Any CPU
		{9B82CB1F-8B63-42A9-81D8-5C205CACA6B3}.Release|Any CPU.ActiveCfg = Release|Any CPU
		{9B82CB1F-8B63-42A9-81D8-5C205CACA6B3}.Release|Any CPU.Build.0 = Release|Any CPU
		{9B82CB1F-8B63-42A9-81D8-5C205CACA6B3}.Release|Any CPU.Deploy.0 = Release|Any CPU
		{3509E1B9-9BD3-4085-9F57-AE208504D443}.Debug|Any CPU.ActiveCfg = Debug|Any CPU
		{3509E1B9-9BD3-4085-9F57-AE208504D443}.Debug|Any CPU.Build.0 = Debug|Any CPU
		{3509E1B9-9BD3-4085-9F57-AE208504D443}.Debug|Any CPU.Deploy.0 = Debug|Any CPU
		{3509E1B9-9BD3-4085-9F57-AE208504D443}.Release|Any CPU.ActiveCfg = Release|Any CPU
		{3509E1B9-9BD3-4085-9F57-AE208504D443}.Release|Any CPU.Build.0 = Release|Any CPU
		{3509E1B9-9BD3-4085-9F57-AE208504D443}.Release|Any CPU.Deploy.0 = Release|Any CPU
		{576996C3-A4F8-4800-A5E9-E71B4BE8911A}.Debug|Any CPU.ActiveCfg = Debug|Any CPU
		{576996C3-A4F8-4800-A5E9-E71B4BE8911A}.Debug|Any CPU.Build.0 = Debug|Any CPU
		{576996C3-A4F8-4800-A5E9-E71B4BE8911A}.Debug|Any CPU.Deploy.0 = Debug|Any CPU
		{576996C3-A4F8-4800-A5E9-E71B4BE8911A}.Release|Any CPU.ActiveCfg = Release|Any CPU
		{576996C3-A4F8-4800-A5E9-E71B4BE8911A}.Release|Any CPU.Build.0 = Release|Any CPU
		{576996C3-A4F8-4800-A5E9-E71B4BE8911A}.Release|Any CPU.Deploy.0 = Release|Any CPU
		{90FAB7A7-FF05-4D89-AB94-B5A60D6DDC1A}.Debug|Any CPU.ActiveCfg = Debug|Any CPU
		{90FAB7A7-FF05-4D89-AB94-B5A60D6DDC1A}.Debug|Any CPU.Build.0 = Debug|Any CPU
		{90FAB7A7-FF05-4D89-AB94-B5A60D6DDC1A}.Debug|Any CPU.Deploy.0 = Debug|Any CPU
		{90FAB7A7-FF05-4D89-AB94-B5A60D6DDC1A}.Release|Any CPU.ActiveCfg = Release|Any CPU
		{90FAB7A7-FF05-4D89-AB94-B5A60D6DDC1A}.Release|Any CPU.Build.0 = Release|Any CPU
		{90FAB7A7-FF05-4D89-AB94-B5A60D6DDC1A}.Release|Any CPU.Deploy.0 = Release|Any CPU
		{676858B6-3361-4E99-9244-794238CBB35E}.Debug|Any CPU.ActiveCfg = Debug|Any CPU
		{676858B6-3361-4E99-9244-794238CBB35E}.Debug|Any CPU.Build.0 = Debug|Any CPU
		{676858B6-3361-4E99-9244-794238CBB35E}.Debug|Any CPU.Deploy.0 = Debug|Any CPU
		{676858B6-3361-4E99-9244-794238CBB35E}.Release|Any CPU.ActiveCfg = Release|Any CPU
		{676858B6-3361-4E99-9244-794238CBB35E}.Release|Any CPU.Build.0 = Release|Any CPU
		{676858B6-3361-4E99-9244-794238CBB35E}.Release|Any CPU.Deploy.0 = Release|Any CPU
		{651497C5-357B-4BD8-B163-B0F35AEEFCBC}.Debug|Any CPU.ActiveCfg = Debug|Any CPU
		{651497C5-357B-4BD8-B163-B0F35AEEFCBC}.Debug|Any CPU.Build.0 = Debug|Any CPU
		{651497C5-357B-4BD8-B163-B0F35AEEFCBC}.Debug|Any CPU.Deploy.0 = Debug|Any CPU
		{651497C5-357B-4BD8-B163-B0F35AEEFCBC}.Release|Any CPU.ActiveCfg = Release|Any CPU
		{651497C5-357B-4BD8-B163-B0F35AEEFCBC}.Release|Any CPU.Build.0 = Release|Any CPU
		{651497C5-357B-4BD8-B163-B0F35AEEFCBC}.Release|Any CPU.Deploy.0 = Release|Any CPU
		{B6E95E47-0512-4236-9C09-6118E9A9DCC7}.Debug|Any CPU.ActiveCfg = Debug|Any CPU
		{B6E95E47-0512-4236-9C09-6118E9A9DCC7}.Debug|Any CPU.Build.0 = Debug|Any CPU
		{B6E95E47-0512-4236-9C09-6118E9A9DCC7}.Debug|Any CPU.Deploy.0 = Debug|Any CPU
		{B6E95E47-0512-4236-9C09-6118E9A9DCC7}.Release|Any CPU.ActiveCfg = Release|Any CPU
		{B6E95E47-0512-4236-9C09-6118E9A9DCC7}.Release|Any CPU.Build.0 = Release|Any CPU
		{B6E95E47-0512-4236-9C09-6118E9A9DCC7}.Release|Any CPU.Deploy.0 = Release|Any CPU
		{EC574567-5B40-418D-8A3B-20D173072EEE}.Debug|Any CPU.ActiveCfg = Debug|Any CPU
		{EC574567-5B40-418D-8A3B-20D173072EEE}.Debug|Any CPU.Build.0 = Debug|Any CPU
		{EC574567-5B40-418D-8A3B-20D173072EEE}.Debug|Any CPU.Deploy.0 = Debug|Any CPU
		{EC574567-5B40-418D-8A3B-20D173072EEE}.Release|Any CPU.ActiveCfg = Release|Any CPU
		{EC574567-5B40-418D-8A3B-20D173072EEE}.Release|Any CPU.Build.0 = Release|Any CPU
		{EC574567-5B40-418D-8A3B-20D173072EEE}.Release|Any CPU.Deploy.0 = Release|Any CPU
		{42F7C678-DF81-432B-ADB9-35C8B38C6A55}.Debug|Any CPU.ActiveCfg = Debug|Any CPU
		{42F7C678-DF81-432B-ADB9-35C8B38C6A55}.Debug|Any CPU.Build.0 = Debug|Any CPU
		{42F7C678-DF81-432B-ADB9-35C8B38C6A55}.Release|Any CPU.ActiveCfg = Release|Any CPU
		{42F7C678-DF81-432B-ADB9-35C8B38C6A55}.Release|Any CPU.Build.0 = Release|Any CPU
		{70584954-9CF9-4414-881B-1D1A30BBBA54}.Debug|Any CPU.ActiveCfg = Debug|Any CPU
		{70584954-9CF9-4414-881B-1D1A30BBBA54}.Debug|Any CPU.Build.0 = Debug|Any CPU
		{70584954-9CF9-4414-881B-1D1A30BBBA54}.Debug|Any CPU.Deploy.0 = Debug|Any CPU
		{70584954-9CF9-4414-881B-1D1A30BBBA54}.Release|Any CPU.ActiveCfg = Release|Any CPU
		{70584954-9CF9-4414-881B-1D1A30BBBA54}.Release|Any CPU.Build.0 = Release|Any CPU
		{70584954-9CF9-4414-881B-1D1A30BBBA54}.Release|Any CPU.Deploy.0 = Release|Any CPU
		{744E774D-535E-4603-B19D-FA665857BFE3}.Debug|Any CPU.ActiveCfg = Debug|Any CPU
		{744E774D-535E-4603-B19D-FA665857BFE3}.Debug|Any CPU.Build.0 = Debug|Any CPU
		{744E774D-535E-4603-B19D-FA665857BFE3}.Debug|Any CPU.Deploy.0 = Debug|Any CPU
		{744E774D-535E-4603-B19D-FA665857BFE3}.Release|Any CPU.ActiveCfg = Release|Any CPU
		{744E774D-535E-4603-B19D-FA665857BFE3}.Release|Any CPU.Build.0 = Release|Any CPU
		{744E774D-535E-4603-B19D-FA665857BFE3}.Release|Any CPU.Deploy.0 = Release|Any CPU
		{78162167-EDF3-4774-870C-763141F9EB34}.Debug|Any CPU.ActiveCfg = Debug|Any CPU
		{78162167-EDF3-4774-870C-763141F9EB34}.Debug|Any CPU.Build.0 = Debug|Any CPU
		{78162167-EDF3-4774-870C-763141F9EB34}.Debug|Any CPU.Deploy.0 = Debug|Any CPU
		{78162167-EDF3-4774-870C-763141F9EB34}.Release|Any CPU.ActiveCfg = Release|Any CPU
		{78162167-EDF3-4774-870C-763141F9EB34}.Release|Any CPU.Build.0 = Release|Any CPU
		{78162167-EDF3-4774-870C-763141F9EB34}.Release|Any CPU.Deploy.0 = Release|Any CPU
		{CC3F20B1-1B1E-45C1-AC32-AD400AE75CD3}.Debug|Any CPU.ActiveCfg = Debug|Any CPU
		{CC3F20B1-1B1E-45C1-AC32-AD400AE75CD3}.Debug|Any CPU.Build.0 = Debug|Any CPU
		{CC3F20B1-1B1E-45C1-AC32-AD400AE75CD3}.Debug|Any CPU.Deploy.0 = Debug|Any CPU
		{CC3F20B1-1B1E-45C1-AC32-AD400AE75CD3}.Release|Any CPU.ActiveCfg = Release|Any CPU
		{CC3F20B1-1B1E-45C1-AC32-AD400AE75CD3}.Release|Any CPU.Build.0 = Release|Any CPU
		{CC3F20B1-1B1E-45C1-AC32-AD400AE75CD3}.Release|Any CPU.Deploy.0 = Release|Any CPU
		{DE298F11-0961-430E-8FA5-0F2BD5F4997D}.Debug|Any CPU.ActiveCfg = Debug|Any CPU
		{DE298F11-0961-430E-8FA5-0F2BD5F4997D}.Debug|Any CPU.Build.0 = Debug|Any CPU
		{DE298F11-0961-430E-8FA5-0F2BD5F4997D}.Debug|Any CPU.Deploy.0 = Debug|Any CPU
		{DE298F11-0961-430E-8FA5-0F2BD5F4997D}.Release|Any CPU.ActiveCfg = Release|Any CPU
		{DE298F11-0961-430E-8FA5-0F2BD5F4997D}.Release|Any CPU.Build.0 = Release|Any CPU
		{DE298F11-0961-430E-8FA5-0F2BD5F4997D}.Release|Any CPU.Deploy.0 = Release|Any CPU
		{8F4C970F-BD84-4FC3-B03A-C5E0AF98968D}.Debug|Any CPU.ActiveCfg = Debug|Any CPU
		{8F4C970F-BD84-4FC3-B03A-C5E0AF98968D}.Debug|Any CPU.Build.0 = Debug|Any CPU
		{8F4C970F-BD84-4FC3-B03A-C5E0AF98968D}.Debug|Any CPU.Deploy.0 = Debug|Any CPU
		{8F4C970F-BD84-4FC3-B03A-C5E0AF98968D}.Release|Any CPU.ActiveCfg = Release|Any CPU
		{8F4C970F-BD84-4FC3-B03A-C5E0AF98968D}.Release|Any CPU.Build.0 = Release|Any CPU
		{8F4C970F-BD84-4FC3-B03A-C5E0AF98968D}.Release|Any CPU.Deploy.0 = Release|Any CPU
		{3345C1CA-539A-472E-9BE4-B800A618EB02}.Debug|Any CPU.ActiveCfg = Debug|Any CPU
		{3345C1CA-539A-472E-9BE4-B800A618EB02}.Debug|Any CPU.Build.0 = Debug|Any CPU
		{3345C1CA-539A-472E-9BE4-B800A618EB02}.Debug|Any CPU.Deploy.0 = Debug|Any CPU
		{3345C1CA-539A-472E-9BE4-B800A618EB02}.Release|Any CPU.ActiveCfg = Release|Any CPU
		{3345C1CA-539A-472E-9BE4-B800A618EB02}.Release|Any CPU.Build.0 = Release|Any CPU
		{3345C1CA-539A-472E-9BE4-B800A618EB02}.Release|Any CPU.Deploy.0 = Release|Any CPU
		{EC3E46FE-5AAF-4713-ABBE-1FC769FE5A87}.Debug|Any CPU.ActiveCfg = Debug|Any CPU
		{EC3E46FE-5AAF-4713-ABBE-1FC769FE5A87}.Debug|Any CPU.Build.0 = Debug|Any CPU
		{EC3E46FE-5AAF-4713-ABBE-1FC769FE5A87}.Debug|Any CPU.Deploy.0 = Debug|Any CPU
		{EC3E46FE-5AAF-4713-ABBE-1FC769FE5A87}.Release|Any CPU.ActiveCfg = Release|Any CPU
		{EC3E46FE-5AAF-4713-ABBE-1FC769FE5A87}.Release|Any CPU.Build.0 = Release|Any CPU
		{EC3E46FE-5AAF-4713-ABBE-1FC769FE5A87}.Release|Any CPU.Deploy.0 = Release|Any CPU
		{3DB32261-CA53-45B9-B7C4-8E00903FEF2C}.Debug|Any CPU.ActiveCfg = Debug|Any CPU
		{3DB32261-CA53-45B9-B7C4-8E00903FEF2C}.Debug|Any CPU.Build.0 = Debug|Any CPU
		{3DB32261-CA53-45B9-B7C4-8E00903FEF2C}.Debug|Any CPU.Deploy.0 = Debug|Any CPU
		{3DB32261-CA53-45B9-B7C4-8E00903FEF2C}.Release|Any CPU.ActiveCfg = Release|Any CPU
		{3DB32261-CA53-45B9-B7C4-8E00903FEF2C}.Release|Any CPU.Build.0 = Release|Any CPU
		{3DB32261-CA53-45B9-B7C4-8E00903FEF2C}.Release|Any CPU.Deploy.0 = Release|Any CPU
		{78E410A5-F0D4-4AE1-A3D1-6BBA81F6306E}.Debug|Any CPU.ActiveCfg = Debug|Any CPU
		{78E410A5-F0D4-4AE1-A3D1-6BBA81F6306E}.Debug|Any CPU.Build.0 = Debug|Any CPU
		{78E410A5-F0D4-4AE1-A3D1-6BBA81F6306E}.Debug|Any CPU.Deploy.0 = Debug|Any CPU
		{78E410A5-F0D4-4AE1-A3D1-6BBA81F6306E}.Release|Any CPU.ActiveCfg = Release|Any CPU
		{78E410A5-F0D4-4AE1-A3D1-6BBA81F6306E}.Release|Any CPU.Build.0 = Release|Any CPU
		{78E410A5-F0D4-4AE1-A3D1-6BBA81F6306E}.Release|Any CPU.Deploy.0 = Release|Any CPU
		{B8F127EA-3AC9-4F54-8DFE-03BCBCBC2FB4}.Debug|Any CPU.ActiveCfg = Debug|Any CPU
		{B8F127EA-3AC9-4F54-8DFE-03BCBCBC2FB4}.Debug|Any CPU.Build.0 = Debug|Any CPU
		{B8F127EA-3AC9-4F54-8DFE-03BCBCBC2FB4}.Debug|Any CPU.Deploy.0 = Debug|Any CPU
		{B8F127EA-3AC9-4F54-8DFE-03BCBCBC2FB4}.Release|Any CPU.ActiveCfg = Release|Any CPU
		{B8F127EA-3AC9-4F54-8DFE-03BCBCBC2FB4}.Release|Any CPU.Build.0 = Release|Any CPU
		{B8F127EA-3AC9-4F54-8DFE-03BCBCBC2FB4}.Release|Any CPU.Deploy.0 = Release|Any CPU
	EndGlobalSection
	GlobalSection(SolutionProperties) = preSolution
		HideSolutionNode = FALSE
	EndGlobalSection
	GlobalSection(NestedProjects) = preSolution
		{9FCF11D3-2C19-4A9A-B180-185A25C56DFD} = {C54DF9D6-E23A-4AB3-968F-9E9519B0A099}
		{1CA04448-C2D3-4ED2-8019-FC325ED94832} = {5505F7B6-DDA0-414F-8BC5-1AC87CDF3928}
		{55FE9A3A-9CC5-4931-A81A-24E92AEE703B} = {5505F7B6-DDA0-414F-8BC5-1AC87CDF3928}
		{6D5155B9-7C65-4C8A-BE4A-73CEEB67A6CA} = {5505F7B6-DDA0-414F-8BC5-1AC87CDF3928}
		{9B82CB1F-8B63-42A9-81D8-5C205CACA6B3} = {C54DF9D6-E23A-4AB3-968F-9E9519B0A099}
		{3509E1B9-9BD3-4085-9F57-AE208504D443} = {5505F7B6-DDA0-414F-8BC5-1AC87CDF3928}
		{576996C3-A4F8-4800-A5E9-E71B4BE8911A} = {5505F7B6-DDA0-414F-8BC5-1AC87CDF3928}
		{90FAB7A7-FF05-4D89-AB94-B5A60D6DDC1A} = {5505F7B6-DDA0-414F-8BC5-1AC87CDF3928}
		{676858B6-3361-4E99-9244-794238CBB35E} = {B437FD35-B2E8-467F-8067-2DDEE5EE961B}
		{8EA3B147-B625-4536-8514-CD6D949692E5} = {C54DF9D6-E23A-4AB3-968F-9E9519B0A099}
		{32BE0959-0669-4CC1-ADC4-17D1FA1846FF} = {B437FD35-B2E8-467F-8067-2DDEE5EE961B}
		{651497C5-357B-4BD8-B163-B0F35AEEFCBC} = {B437FD35-B2E8-467F-8067-2DDEE5EE961B}
		{B6E95E47-0512-4236-9C09-6118E9A9DCC7} = {32BE0959-0669-4CC1-ADC4-17D1FA1846FF}
		{EC574567-5B40-418D-8A3B-20D173072EEE} = {32BE0959-0669-4CC1-ADC4-17D1FA1846FF}
		{42F7C678-DF81-432B-ADB9-35C8B38C6A55} = {8EA3B147-B625-4536-8514-CD6D949692E5}
		{70584954-9CF9-4414-881B-1D1A30BBBA54} = {6D5155B9-7C65-4C8A-BE4A-73CEEB67A6CA}
		{744E774D-535E-4603-B19D-FA665857BFE3} = {6D5155B9-7C65-4C8A-BE4A-73CEEB67A6CA}
		{78162167-EDF3-4774-870C-763141F9EB34} = {C54DF9D6-E23A-4AB3-968F-9E9519B0A099}
		{CC3F20B1-1B1E-45C1-AC32-AD400AE75CD3} = {5505F7B6-DDA0-414F-8BC5-1AC87CDF3928}
		{DE298F11-0961-430E-8FA5-0F2BD5F4997D} = {5505F7B6-DDA0-414F-8BC5-1AC87CDF3928}
		{8F4C970F-BD84-4FC3-B03A-C5E0AF98968D} = {5505F7B6-DDA0-414F-8BC5-1AC87CDF3928}
		{3345C1CA-539A-472E-9BE4-B800A618EB02} = {5505F7B6-DDA0-414F-8BC5-1AC87CDF3928}
		{EC3E46FE-5AAF-4713-ABBE-1FC769FE5A87} = {5505F7B6-DDA0-414F-8BC5-1AC87CDF3928}
		{3DB32261-CA53-45B9-B7C4-8E00903FEF2C} = {5505F7B6-DDA0-414F-8BC5-1AC87CDF3928}
		{78E410A5-F0D4-4AE1-A3D1-6BBA81F6306E} = {5505F7B6-DDA0-414F-8BC5-1AC87CDF3928}
		{B8F127EA-3AC9-4F54-8DFE-03BCBCBC2FB4} = {5505F7B6-DDA0-414F-8BC5-1AC87CDF3928}
	EndGlobalSection
	GlobalSection(ExtensibilityGlobals) = postSolution
		SolutionGuid = {303CCAD6-C43B-419F-ACC3-FAE0574C1931}
	EndGlobalSection
EndGlobal
