
Microsoft Visual Studio Solution File, Format Version 12.00
# Visual Studio Version 17
VisualStudioVersion = 17.10.34818.151
MinimumVisualStudioVersion = 10.0.40219.1
Project("{11A8DD76-328B-46DF-9F39-F559912D0360}") = "SmartPowerMeter.NfClient", "NfClients\SmartPowerMeter.NfClient\SmartPowerMeter.NfClient.nfproj", "{9FCF11D3-2C19-4A9A-B180-185A25C56DFD}"
EndProject
Project("{2150E333-8FDC-42A3-9474-1A3956D46DE8}") = "NfClients", "NfClients", "{C54DF9D6-E23A-4AB3-968F-9E9519B0A099}"
	ProjectSection(SolutionItems) = preProject
		NfClients\README.md = NfClients\README.md
	EndProjectSection
EndProject
Project("{2150E333-8FDC-42A3-9474-1A3956D46DE8}") = "Peripherals", "Peripherals", "{5505F7B6-DDA0-414F-8BC5-1AC87CDF3928}"
	ProjectSection(SolutionItems) = preProject
		Peripherals\README.md = Peripherals\README.md
	EndProjectSection
EndProject
Project("{2150E333-8FDC-42A3-9474-1A3956D46DE8}") = "Pipelines", "Pipelines", "{25DD97D2-F574-48AC-8D25-3852BD463EBC}"
EndProject
Project("{2150E333-8FDC-42A3-9474-1A3956D46DE8}") = "Services", "Services", "{B1B9B355-7D03-4804-A06A-8DB1DB95200F}"
EndProject
Project("{11A8DD76-328B-46DF-9F39-F559912D0360}") = "NfClient.Tests", "NfClients\NfClient.Tests\NfClient.Tests.nfproj", "{1B58506D-524D-41E9-ADF9-02168142B5ED}"
EndProject
Project("{11A8DD76-328B-46DF-9F39-F559912D0360}") = "Am23XX.Sensor", "Peripherals\Am23XX.Sensor\Am23XX.Sensor.nfproj", "{1CA04448-C2D3-4ED2-8019-FC325ED94832}"
EndProject
Project("{11A8DD76-328B-46DF-9F39-F559912D0360}") = "Aidon.Sensor", "Peripherals\Aidon.Sensor\Aidon.Sensor.nfproj", "{55FE9A3A-9CC5-4931-A81A-24E92AEE703B}"
EndProject
Project("{2150E333-8FDC-42A3-9474-1A3956D46DE8}") = "Solution Items", "Solution Items", "{8F545D25-926C-4D06-B600-CDFF094FCCCC}"
	ProjectSection(SolutionItems) = preProject
		..\backend\.editorconfig = ..\backend\.editorconfig
		..\backend\NuGet.Config = ..\backend\NuGet.Config
		README.md = README.md
	EndProjectSection
EndProject
Project("{11A8DD76-328B-46DF-9F39-F559912D0360}") = "IO.Peripherals", "Peripherals\IO.Peripherals\IO.Peripherals.nfproj", "{95E695A6-D19B-4D11-8DE1-867176AFE6B0}"
EndProject
Project("{11A8DD76-328B-46DF-9F39-F559912D0360}") = "DeviceServices", "Services\DeviceServices\DeviceServices.nfproj", "{DBB6EAF4-F3A3-4716-B407-1313C2F4E31C}"
EndProject
Project("{11A8DD76-328B-46DF-9F39-F559912D0360}") = "Services.Tests", "Services\Services.Tests\Services.Tests.nfproj", "{6B3B71B9-F80A-4D75-B10E-6F7D716F1657}"
EndProject
Project("{11A8DD76-328B-46DF-9F39-F559912D0360}") = "ServiceModels", "Services\ServiceModels\ServiceModels.nfproj", "{4BDB2AEF-B376-4AE0-9616-9A82E336C7F8}"
EndProject
Project("{11A8DD76-328B-46DF-9F39-F559912D0360}") = "Peripherals.Benchmarks", "Peripherals\Peripherals.Benchmarks\Peripherals.Benchmarks.nfproj", "{70584954-9CF9-4414-881B-1D1A30BBBA54}"
EndProject
Project("{11A8DD76-328B-46DF-9F39-F559912D0360}") = "Services.Benchmarks", "Services\Services.Benchmarks\Services.Benchmarks.nfproj", "{B0D721EB-A98F-4D55-8A02-6625A6AA4F1C}"
EndProject
Project("{11A8DD76-328B-46DF-9F39-F559912D0360}") = "Peripherals.Tests", "Peripherals\Peripherals.Tests\Peripherals.Tests.nfproj", "{744E774D-535E-4603-B19D-FA665857BFE3}"
EndProject
Global
	GlobalSection(SolutionConfigurationPlatforms) = preSolution
		Debug|Any CPU = Debug|Any CPU
		Release|Any CPU = Release|Any CPU
	EndGlobalSection
	GlobalSection(ProjectConfigurationPlatforms) = postSolution
		{9FCF11D3-2C19-4A9A-B180-185A25C56DFD}.Debug|Any CPU.ActiveCfg = Debug|Any CPU
		{9FCF11D3-2C19-4A9A-B180-185A25C56DFD}.Debug|Any CPU.Build.0 = Debug|Any CPU
		{9FCF11D3-2C19-4A9A-B180-185A25C56DFD}.Debug|Any CPU.Deploy.0 = Debug|Any CPU
		{9FCF11D3-2C19-4A9A-B180-185A25C56DFD}.Release|Any CPU.ActiveCfg = Release|Any CPU
		{9FCF11D3-2C19-4A9A-B180-185A25C56DFD}.Release|Any CPU.Build.0 = Release|Any CPU
		{9FCF11D3-2C19-4A9A-B180-185A25C56DFD}.Release|Any CPU.Deploy.0 = Release|Any CPU
		{1B58506D-524D-41E9-ADF9-02168142B5ED}.Debug|Any CPU.ActiveCfg = Debug|Any CPU
		{1B58506D-524D-41E9-ADF9-02168142B5ED}.Debug|Any CPU.Build.0 = Debug|Any CPU
		{1B58506D-524D-41E9-ADF9-02168142B5ED}.Debug|Any CPU.Deploy.0 = Debug|Any CPU
		{1B58506D-524D-41E9-ADF9-02168142B5ED}.Release|Any CPU.ActiveCfg = Release|Any CPU
		{1B58506D-524D-41E9-ADF9-02168142B5ED}.Release|Any CPU.Build.0 = Release|Any CPU
		{1B58506D-524D-41E9-ADF9-02168142B5ED}.Release|Any CPU.Deploy.0 = Release|Any CPU
		{1CA04448-C2D3-4ED2-8019-FC325ED94832}.Debug|Any CPU.ActiveCfg = Debug|Any CPU
		{1CA04448-C2D3-4ED2-8019-FC325ED94832}.Debug|Any CPU.Build.0 = Debug|Any CPU
		{1CA04448-C2D3-4ED2-8019-FC325ED94832}.Debug|Any CPU.Deploy.0 = Debug|Any CPU
		{1CA04448-C2D3-4ED2-8019-FC325ED94832}.Release|Any CPU.ActiveCfg = Release|Any CPU
		{1CA04448-C2D3-4ED2-8019-FC325ED94832}.Release|Any CPU.Build.0 = Release|Any CPU
		{1CA04448-C2D3-4ED2-8019-FC325ED94832}.Release|Any CPU.Deploy.0 = Release|Any CPU
		{55FE9A3A-9CC5-4931-A81A-24E92AEE703B}.Debug|Any CPU.ActiveCfg = Debug|Any CPU
		{55FE9A3A-9CC5-4931-A81A-24E92AEE703B}.Debug|Any CPU.Build.0 = Debug|Any CPU
		{55FE9A3A-9CC5-4931-A81A-24E92AEE703B}.Debug|Any CPU.Deploy.0 = Debug|Any CPU
		{55FE9A3A-9CC5-4931-A81A-24E92AEE703B}.Release|Any CPU.ActiveCfg = Release|Any CPU
		{55FE9A3A-9CC5-4931-A81A-24E92AEE703B}.Release|Any CPU.Build.0 = Release|Any CPU
		{55FE9A3A-9CC5-4931-A81A-24E92AEE703B}.Release|Any CPU.Deploy.0 = Release|Any CPU
		{95E695A6-D19B-4D11-8DE1-867176AFE6B0}.Debug|Any CPU.ActiveCfg = Debug|Any CPU
		{95E695A6-D19B-4D11-8DE1-867176AFE6B0}.Debug|Any CPU.Build.0 = Debug|Any CPU
		{95E695A6-D19B-4D11-8DE1-867176AFE6B0}.Debug|Any CPU.Deploy.0 = Debug|Any CPU
		{95E695A6-D19B-4D11-8DE1-867176AFE6B0}.Release|Any CPU.ActiveCfg = Release|Any CPU
		{95E695A6-D19B-4D11-8DE1-867176AFE6B0}.Release|Any CPU.Build.0 = Release|Any CPU
		{95E695A6-D19B-4D11-8DE1-867176AFE6B0}.Release|Any CPU.Deploy.0 = Release|Any CPU
		{DBB6EAF4-F3A3-4716-B407-1313C2F4E31C}.Debug|Any CPU.ActiveCfg = Debug|Any CPU
		{DBB6EAF4-F3A3-4716-B407-1313C2F4E31C}.Debug|Any CPU.Build.0 = Debug|Any CPU
		{DBB6EAF4-F3A3-4716-B407-1313C2F4E31C}.Debug|Any CPU.Deploy.0 = Debug|Any CPU
		{DBB6EAF4-F3A3-4716-B407-1313C2F4E31C}.Release|Any CPU.ActiveCfg = Release|Any CPU
		{DBB6EAF4-F3A3-4716-B407-1313C2F4E31C}.Release|Any CPU.Build.0 = Release|Any CPU
		{DBB6EAF4-F3A3-4716-B407-1313C2F4E31C}.Release|Any CPU.Deploy.0 = Release|Any CPU
		{6B3B71B9-F80A-4D75-B10E-6F7D716F1657}.Debug|Any CPU.ActiveCfg = Debug|Any CPU
		{6B3B71B9-F80A-4D75-B10E-6F7D716F1657}.Debug|Any CPU.Build.0 = Debug|Any CPU
		{6B3B71B9-F80A-4D75-B10E-6F7D716F1657}.Debug|Any CPU.Deploy.0 = Debug|Any CPU
		{6B3B71B9-F80A-4D75-B10E-6F7D716F1657}.Release|Any CPU.ActiveCfg = Release|Any CPU
		{6B3B71B9-F80A-4D75-B10E-6F7D716F1657}.Release|Any CPU.Build.0 = Release|Any CPU
		{6B3B71B9-F80A-4D75-B10E-6F7D716F1657}.Release|Any CPU.Deploy.0 = Release|Any CPU
		{4BDB2AEF-B376-4AE0-9616-9A82E336C7F8}.Debug|Any CPU.ActiveCfg = Debug|Any CPU
		{4BDB2AEF-B376-4AE0-9616-9A82E336C7F8}.Debug|Any CPU.Build.0 = Debug|Any CPU
		{4BDB2AEF-B376-4AE0-9616-9A82E336C7F8}.Debug|Any CPU.Deploy.0 = Debug|Any CPU
		{4BDB2AEF-B376-4AE0-9616-9A82E336C7F8}.Release|Any CPU.ActiveCfg = Release|Any CPU
		{4BDB2AEF-B376-4AE0-9616-9A82E336C7F8}.Release|Any CPU.Build.0 = Release|Any CPU
		{4BDB2AEF-B376-4AE0-9616-9A82E336C7F8}.Release|Any CPU.Deploy.0 = Release|Any CPU
		{70584954-9CF9-4414-881B-1D1A30BBBA54}.Debug|Any CPU.ActiveCfg = Debug|Any CPU
		{70584954-9CF9-4414-881B-1D1A30BBBA54}.Debug|Any CPU.Build.0 = Debug|Any CPU
		{70584954-9CF9-4414-881B-1D1A30BBBA54}.Debug|Any CPU.Deploy.0 = Debug|Any CPU
		{70584954-9CF9-4414-881B-1D1A30BBBA54}.Release|Any CPU.ActiveCfg = Release|Any CPU
		{70584954-9CF9-4414-881B-1D1A30BBBA54}.Release|Any CPU.Build.0 = Release|Any CPU
		{70584954-9CF9-4414-881B-1D1A30BBBA54}.Release|Any CPU.Deploy.0 = Release|Any CPU
		{B0D721EB-A98F-4D55-8A02-6625A6AA4F1C}.Debug|Any CPU.ActiveCfg = Debug|Any CPU
		{B0D721EB-A98F-4D55-8A02-6625A6AA4F1C}.Debug|Any CPU.Build.0 = Debug|Any CPU
		{B0D721EB-A98F-4D55-8A02-6625A6AA4F1C}.Debug|Any CPU.Deploy.0 = Debug|Any CPU
		{B0D721EB-A98F-4D55-8A02-6625A6AA4F1C}.Release|Any CPU.ActiveCfg = Release|Any CPU
		{B0D721EB-A98F-4D55-8A02-6625A6AA4F1C}.Release|Any CPU.Build.0 = Release|Any CPU
		{B0D721EB-A98F-4D55-8A02-6625A6AA4F1C}.Release|Any CPU.Deploy.0 = Release|Any CPU
		{744E774D-535E-4603-B19D-FA665857BFE3}.Debug|Any CPU.ActiveCfg = Debug|Any CPU
		{744E774D-535E-4603-B19D-FA665857BFE3}.Debug|Any CPU.Build.0 = Debug|Any CPU
		{744E774D-535E-4603-B19D-FA665857BFE3}.Debug|Any CPU.Deploy.0 = Debug|Any CPU
		{744E774D-535E-4603-B19D-FA665857BFE3}.Release|Any CPU.ActiveCfg = Release|Any CPU
		{744E774D-535E-4603-B19D-FA665857BFE3}.Release|Any CPU.Build.0 = Release|Any CPU
		{744E774D-535E-4603-B19D-FA665857BFE3}.Release|Any CPU.Deploy.0 = Release|Any CPU
	EndGlobalSection
	GlobalSection(SolutionProperties) = preSolution
		HideSolutionNode = FALSE
	EndGlobalSection
	GlobalSection(NestedProjects) = preSolution
		{9FCF11D3-2C19-4A9A-B180-185A25C56DFD} = {C54DF9D6-E23A-4AB3-968F-9E9519B0A099}
		{1B58506D-524D-41E9-ADF9-02168142B5ED} = {C54DF9D6-E23A-4AB3-968F-9E9519B0A099}
		{1CA04448-C2D3-4ED2-8019-FC325ED94832} = {5505F7B6-DDA0-414F-8BC5-1AC87CDF3928}
		{55FE9A3A-9CC5-4931-A81A-24E92AEE703B} = {5505F7B6-DDA0-414F-8BC5-1AC87CDF3928}
		{95E695A6-D19B-4D11-8DE1-867176AFE6B0} = {5505F7B6-DDA0-414F-8BC5-1AC87CDF3928}
		{DBB6EAF4-F3A3-4716-B407-1313C2F4E31C} = {B1B9B355-7D03-4804-A06A-8DB1DB95200F}
		{6B3B71B9-F80A-4D75-B10E-6F7D716F1657} = {B1B9B355-7D03-4804-A06A-8DB1DB95200F}
		{4BDB2AEF-B376-4AE0-9616-9A82E336C7F8} = {B1B9B355-7D03-4804-A06A-8DB1DB95200F}
		{70584954-9CF9-4414-881B-1D1A30BBBA54} = {5505F7B6-DDA0-414F-8BC5-1AC87CDF3928}
		{B0D721EB-A98F-4D55-8A02-6625A6AA4F1C} = {B1B9B355-7D03-4804-A06A-8DB1DB95200F}
		{744E774D-535E-4603-B19D-FA665857BFE3} = {5505F7B6-DDA0-414F-8BC5-1AC87CDF3928}
	EndGlobalSection
	GlobalSection(ExtensibilityGlobals) = postSolution
		SolutionGuid = {303CCAD6-C43B-419F-ACC3-FAE0574C1931}
	EndGlobalSection
EndGlobal
